// !$*UTF8*$!
{
	archiveVersion = 1;
	classes = {
	};
	objectVersion = 50;
	objects = {

/* Begin PBXBuildFile section */
		C44685862524DF7900BB39CD /* AppDelegate.swift in Sources */ = {isa = PBXBuildFile; fileRef = C44685852524DF7900BB39CD /* AppDelegate.swift */; };
		C446858A2524DF7900BB39CD /* SplashVC.swift in Sources */ = {isa = PBXBuildFile; fileRef = C44685892524DF7900BB39CD /* SplashVC.swift */; };
		C446858D2524DF7900BB39CD /* Main.storyboard in Resources */ = {isa = PBXBuildFile; fileRef = C446858B2524DF7900BB39CD /* Main.storyboard */; };
		C446858F2524DF7C00BB39CD /* Assets.xcassets in Resources */ = {isa = PBXBuildFile; fileRef = C446858E2524DF7C00BB39CD /* Assets.xcassets */; };
		C44685922524DF7C00BB39CD /* LaunchScreen.storyboard in Resources */ = {isa = PBXBuildFile; fileRef = C44685902524DF7C00BB39CD /* LaunchScreen.storyboard */; };
		C446859D2524DF7C00BB39CD /* DemoProjectTests.swift in Sources */ = {isa = PBXBuildFile; fileRef = C446859C2524DF7C00BB39CD /* DemoProjectTests.swift */; };
		C44685A82524DF7C00BB39CD /* DemoProjectUITests.swift in Sources */ = {isa = PBXBuildFile; fileRef = C44685A72524DF7C00BB39CD /* DemoProjectUITests.swift */; };
/* End PBXBuildFile section */

/* Begin PBXContainerItemProxy section */
		C44685992524DF7C00BB39CD /* PBXContainerItemProxy */ = {
			isa = PBXContainerItemProxy;
			containerPortal = C446857A2524DF7800BB39CD /* Project object */;
			proxyType = 1;
			remoteGlobalIDString = C44685812524DF7900BB39CD;
			remoteInfo = DemoProject;
		};
		C44685A42524DF7C00BB39CD /* PBXContainerItemProxy */ = {
			isa = PBXContainerItemProxy;
			containerPortal = C446857A2524DF7800BB39CD /* Project object */;
			proxyType = 1;
			remoteGlobalIDString = C44685812524DF7900BB39CD;
			remoteInfo = DemoProject;
		};
/* End PBXContainerItemProxy section */

/* Begin PBXFileReference section */
		C44685822524DF7900BB39CD /* DemoProject.app */ = {isa = PBXFileReference; explicitFileType = wrapper.application; includeInIndex = 0; path = DemoProject.app; sourceTree = BUILT_PRODUCTS_DIR; };
		C44685852524DF7900BB39CD /* AppDelegate.swift */ = {isa = PBXFileReference; lastKnownFileType = sourcecode.swift; path = AppDelegate.swift; sourceTree = "<group>"; };
		C44685892524DF7900BB39CD /* SplashVC.swift */ = {isa = PBXFileReference; lastKnownFileType = sourcecode.swift; path = SplashVC.swift; sourceTree = "<group>"; };
		C446858C2524DF7900BB39CD /* Base */ = {isa = PBXFileReference; lastKnownFileType = file.storyboard; name = Base; path = Base.lproj/Main.storyboard; sourceTree = "<group>"; };
		C446858E2524DF7C00BB39CD /* Assets.xcassets */ = {isa = PBXFileReference; lastKnownFileType = folder.assetcatalog; path = Assets.xcassets; sourceTree = "<group>"; };
		C44685912524DF7C00BB39CD /* Base */ = {isa = PBXFileReference; lastKnownFileType = file.storyboard; name = Base; path = Base.lproj/LaunchScreen.storyboard; sourceTree = "<group>"; };
		C44685932524DF7C00BB39CD /* Info.plist */ = {isa = PBXFileReference; lastKnownFileType = text.plist.xml; path = Info.plist; sourceTree = "<group>"; };
		C44685982524DF7C00BB39CD /* DemoProjectTests.xctest */ = {isa = PBXFileReference; explicitFileType = wrapper.cfbundle; includeInIndex = 0; path = DemoProjectTests.xctest; sourceTree = BUILT_PRODUCTS_DIR; };
		C446859C2524DF7C00BB39CD /* DemoProjectTests.swift */ = {isa = PBXFileReference; lastKnownFileType = sourcecode.swift; path = DemoProjectTests.swift; sourceTree = "<group>"; };
		C446859E2524DF7C00BB39CD /* Info.plist */ = {isa = PBXFileReference; lastKnownFileType = text.plist.xml; path = Info.plist; sourceTree = "<group>"; };
		C44685A32524DF7C00BB39CD /* DemoProjectUITests.xctest */ = {isa = PBXFileReference; explicitFileType = wrapper.cfbundle; includeInIndex = 0; path = DemoProjectUITests.xctest; sourceTree = BUILT_PRODUCTS_DIR; };
		C44685A72524DF7C00BB39CD /* DemoProjectUITests.swift */ = {isa = PBXFileReference; lastKnownFileType = sourcecode.swift; path = DemoProjectUITests.swift; sourceTree = "<group>"; };
		C44685A92524DF7C00BB39CD /* Info.plist */ = {isa = PBXFileReference; lastKnownFileType = text.plist.xml; path = Info.plist; sourceTree = "<group>"; };
/* End PBXFileReference section */

/* Begin PBXFrameworksBuildPhase section */
		C446857F2524DF7900BB39CD /* Frameworks */ = {
			isa = PBXFrameworksBuildPhase;
			buildActionMask = 2147483647;
			files = (
			);
			runOnlyForDeploymentPostprocessing = 0;
		};
		C44685952524DF7C00BB39CD /* Frameworks */ = {
			isa = PBXFrameworksBuildPhase;
			buildActionMask = 2147483647;
			files = (
			);
			runOnlyForDeploymentPostprocessing = 0;
		};
		C44685A02524DF7C00BB39CD /* Frameworks */ = {
			isa = PBXFrameworksBuildPhase;
			buildActionMask = 2147483647;
			files = (
			);
			runOnlyForDeploymentPostprocessing = 0;
		};
/* End PBXFrameworksBuildPhase section */

/* Begin PBXGroup section */
		C44685792524DF7800BB39CD = {
			isa = PBXGroup;
			children = (
				C44685842524DF7900BB39CD /* DemoProject */,
				C446859B2524DF7C00BB39CD /* DemoProjectTests */,
				C44685A62524DF7C00BB39CD /* DemoProjectUITests */,
				C44685832524DF7900BB39CD /* Products */,
			);
			sourceTree = "<group>";
		};
		C44685832524DF7900BB39CD /* Products */ = {
			isa = PBXGroup;
			children = (
				C44685822524DF7900BB39CD /* DemoProject.app */,
				C44685982524DF7C00BB39CD /* DemoProjectTests.xctest */,
				C44685A32524DF7C00BB39CD /* DemoProjectUITests.xctest */,
			);
			name = Products;
			sourceTree = "<group>";
		};
		C44685842524DF7900BB39CD /* DemoProject */ = {
			isa = PBXGroup;
			children = (
				C44685852524DF7900BB39CD /* AppDelegate.swift */,
				C44685892524DF7900BB39CD /* SplashVC.swift */,
				C446858B2524DF7900BB39CD /* Main.storyboard */,
				C446858E2524DF7C00BB39CD /* Assets.xcassets */,
				C44685902524DF7C00BB39CD /* LaunchScreen.storyboard */,
				C44685932524DF7C00BB39CD /* Info.plist */,
			);
			path = DemoProject;
			sourceTree = "<group>";
		};
		C446859B2524DF7C00BB39CD /* DemoProjectTests */ = {
			isa = PBXGroup;
			children = (
				C446859C2524DF7C00BB39CD /* DemoProjectTests.swift */,
				C446859E2524DF7C00BB39CD /* Info.plist */,
			);
			path = DemoProjectTests;
			sourceTree = "<group>";
		};
		C44685A62524DF7C00BB39CD /* DemoProjectUITests */ = {
			isa = PBXGroup;
			children = (
				C44685A72524DF7C00BB39CD /* DemoProjectUITests.swift */,
				C44685A92524DF7C00BB39CD /* Info.plist */,
			);
			path = DemoProjectUITests;
			sourceTree = "<group>";
		};
/* End PBXGroup section */

/* Begin PBXNativeTarget section */
		C44685812524DF7900BB39CD /* DemoProject */ = {
			isa = PBXNativeTarget;
			buildConfigurationList = C44685AC2524DF7C00BB39CD /* Build configuration list for PBXNativeTarget "DemoProject" */;
			buildPhases = (
				C446857E2524DF7900BB39CD /* Sources */,
				C446857F2524DF7900BB39CD /* Frameworks */,
				C44685802524DF7900BB39CD /* Resources */,
			);
			buildRules = (
			);
			dependencies = (
			);
			name = DemoProject;
			productName = DemoProject;
			productReference = C44685822524DF7900BB39CD /* DemoProject.app */;
			productType = "com.apple.product-type.application";
		};
		C44685972524DF7C00BB39CD /* DemoProjectTests */ = {
			isa = PBXNativeTarget;
			buildConfigurationList = C44685AF2524DF7C00BB39CD /* Build configuration list for PBXNativeTarget "DemoProjectTests" */;
			buildPhases = (
				C44685942524DF7C00BB39CD /* Sources */,
				C44685952524DF7C00BB39CD /* Frameworks */,
				C44685962524DF7C00BB39CD /* Resources */,
			);
			buildRules = (
			);
			dependencies = (
				C446859A2524DF7C00BB39CD /* PBXTargetDependency */,
			);
			name = DemoProjectTests;
			productName = DemoProjectTests;
			productReference = C44685982524DF7C00BB39CD /* DemoProjectTests.xctest */;
			productType = "com.apple.product-type.bundle.unit-test";
		};
		C44685A22524DF7C00BB39CD /* DemoProjectUITests */ = {
			isa = PBXNativeTarget;
			buildConfigurationList = C44685B22524DF7C00BB39CD /* Build configuration list for PBXNativeTarget "DemoProjectUITests" */;
			buildPhases = (
				C446859F2524DF7C00BB39CD /* Sources */,
				C44685A02524DF7C00BB39CD /* Frameworks */,
				C44685A12524DF7C00BB39CD /* Resources */,
			);
			buildRules = (
			);
			dependencies = (
				C44685A52524DF7C00BB39CD /* PBXTargetDependency */,
			);
			name = DemoProjectUITests;
			productName = DemoProjectUITests;
			productReference = C44685A32524DF7C00BB39CD /* DemoProjectUITests.xctest */;
			productType = "com.apple.product-type.bundle.ui-testing";
		};
/* End PBXNativeTarget section */

/* Begin PBXProject section */
		C446857A2524DF7800BB39CD /* Project object */ = {
			isa = PBXProject;
			attributes = {
				LastSwiftUpdateCheck = 1160;
				LastUpgradeCheck = 1160;
				ORGANIZATIONNAME = EPIC;
				TargetAttributes = {
					C44685812524DF7900BB39CD = {
						CreatedOnToolsVersion = 11.6;
					};
					C44685972524DF7C00BB39CD = {
						CreatedOnToolsVersion = 11.6;
						TestTargetID = C44685812524DF7900BB39CD;
					};
					C44685A22524DF7C00BB39CD = {
						CreatedOnToolsVersion = 11.6;
						TestTargetID = C44685812524DF7900BB39CD;
					};
				};
			};
			buildConfigurationList = C446857D2524DF7800BB39CD /* Build configuration list for PBXProject "DemoProject" */;
			compatibilityVersion = "Xcode 9.3";
			developmentRegion = en;
			hasScannedForEncodings = 0;
			knownRegions = (
				en,
				Base,
			);
			mainGroup = C44685792524DF7800BB39CD;
			productRefGroup = C44685832524DF7900BB39CD /* Products */;
			projectDirPath = "";
			projectRoot = "";
			targets = (
				C44685812524DF7900BB39CD /* DemoProject */,
				C44685972524DF7C00BB39CD /* DemoProjectTests */,
				C44685A22524DF7C00BB39CD /* DemoProjectUITests */,
			);
		};
/* End PBXProject section */

/* Begin PBXResourcesBuildPhase section */
		C44685802524DF7900BB39CD /* Resources */ = {
			isa = PBXResourcesBuildPhase;
			buildActionMask = 2147483647;
			files = (
				C44685922524DF7C00BB39CD /* LaunchScreen.storyboard in Resources */,
				C446858F2524DF7C00BB39CD /* Assets.xcassets in Resources */,
				C446858D2524DF7900BB39CD /* Main.storyboard in Resources */,
			);
			runOnlyForDeploymentPostprocessing = 0;
		};
		C44685962524DF7C00BB39CD /* Resources */ = {
			isa = PBXResourcesBuildPhase;
			buildActionMask = 2147483647;
			files = (
			);
			runOnlyForDeploymentPostprocessing = 0;
		};
		C44685A12524DF7C00BB39CD /* Resources */ = {
			isa = PBXResourcesBuildPhase;
			buildActionMask = 2147483647;
			files = (
			);
			runOnlyForDeploymentPostprocessing = 0;
		};
/* End PBXResourcesBuildPhase section */

/* Begin PBXSourcesBuildPhase section */
		C446857E2524DF7900BB39CD /* Sources */ = {
			isa = PBXSourcesBuildPhase;
			buildActionMask = 2147483647;
			files = (
				C446858A2524DF7900BB39CD /* SplashVC.swift in Sources */,
				C44685862524DF7900BB39CD /* AppDelegate.swift in Sources */,
			);
			runOnlyForDeploymentPostprocessing = 0;
		};
		C44685942524DF7C00BB39CD /* Sources */ = {
			isa = PBXSourcesBuildPhase;
			buildActionMask = 2147483647;
			files = (
				C446859D2524DF7C00BB39CD /* DemoProjectTests.swift in Sources */,
			);
			runOnlyForDeploymentPostprocessing = 0;
		};
		C446859F2524DF7C00BB39CD /* Sources */ = {
			isa = PBXSourcesBuildPhase;
			buildActionMask = 2147483647;
			files = (
				C44685A82524DF7C00BB39CD /* DemoProjectUITests.swift in Sources */,
			);
			runOnlyForDeploymentPostprocessing = 0;
		};
/* End PBXSourcesBuildPhase section */

/* Begin PBXTargetDependency section */
		C446859A2524DF7C00BB39CD /* PBXTargetDependency */ = {
			isa = PBXTargetDependency;
			target = C44685812524DF7900BB39CD /* DemoProject */;
			targetProxy = C44685992524DF7C00BB39CD /* PBXContainerItemProxy */;
		};
		C44685A52524DF7C00BB39CD /* PBXTargetDependency */ = {
			isa = PBXTargetDependency;
			target = C44685812524DF7900BB39CD /* DemoProject */;
			targetProxy = C44685A42524DF7C00BB39CD /* PBXContainerItemProxy */;
		};
/* End PBXTargetDependency section */

/* Begin PBXVariantGroup section */
		C446858B2524DF7900BB39CD /* Main.storyboard */ = {
			isa = PBXVariantGroup;
			children = (
				C446858C2524DF7900BB39CD /* Base */,
			);
			name = Main.storyboard;
			sourceTree = "<group>";
		};
		C44685902524DF7C00BB39CD /* LaunchScreen.storyboard */ = {
			isa = PBXVariantGroup;
			children = (
				C44685912524DF7C00BB39CD /* Base */,
			);
			name = LaunchScreen.storyboard;
			sourceTree = "<group>";
		};
/* End PBXVariantGroup section */

/* Begin XCBuildConfiguration section */
		C44685AA2524DF7C00BB39CD /* Debug */ = {
			isa = XCBuildConfiguration;
			buildSettings = {
				ALWAYS_SEARCH_USER_PATHS = NO;
				CLANG_ANALYZER_NONNULL = YES;
				CLANG_ANALYZER_NUMBER_OBJECT_CONVERSION = YES_AGGRESSIVE;
				CLANG_CXX_LANGUAGE_STANDARD = "gnu++14";
				CLANG_CXX_LIBRARY = "libc++";
				CLANG_ENABLE_MODULES = YES;
				CLANG_ENABLE_OBJC_ARC = YES;
				CLANG_ENABLE_OBJC_WEAK = YES;
				CLANG_WARN_BLOCK_CAPTURE_AUTORELEASING = YES;
				CLANG_WARN_BOOL_CONVERSION = YES;
				CLANG_WARN_COMMA = YES;
				CLANG_WARN_CONSTANT_CONVERSION = YES;
				CLANG_WARN_DEPRECATED_OBJC_IMPLEMENTATIONS = YES;
				CLANG_WARN_DIRECT_OBJC_ISA_USAGE = YES_ERROR;
				CLANG_WARN_DOCUMENTATION_COMMENTS = YES;
				CLANG_WARN_EMPTY_BODY = YES;
				CLANG_WARN_ENUM_CONVERSION = YES;
				CLANG_WARN_INFINITE_RECURSION = YES;
				CLANG_WARN_INT_CONVERSION = YES;
				CLANG_WARN_NON_LITERAL_NULL_CONVERSION = YES;
				CLANG_WARN_OBJC_IMPLICIT_RETAIN_SELF = YES;
				CLANG_WARN_OBJC_LITERAL_CONVERSION = YES;
				CLANG_WARN_OBJC_ROOT_CLASS = YES_ERROR;
				CLANG_WARN_RANGE_LOOP_ANALYSIS = YES;
				CLANG_WARN_STRICT_PROTOTYPES = YES;
				CLANG_WARN_SUSPICIOUS_MOVE = YES;
				CLANG_WARN_UNGUARDED_AVAILABILITY = YES_AGGRESSIVE;
				CLANG_WARN_UNREACHABLE_CODE = YES;
				CLANG_WARN__DUPLICATE_METHOD_MATCH = YES;
				COPY_PHASE_STRIP = NO;
				DEBUG_INFORMATION_FORMAT = dwarf;
				ENABLE_STRICT_OBJC_MSGSEND = YES;
				ENABLE_TESTABILITY = YES;
				GCC_C_LANGUAGE_STANDARD = gnu11;
				GCC_DYNAMIC_NO_PIC = NO;
				GCC_NO_COMMON_BLOCKS = YES;
				GCC_OPTIMIZATION_LEVEL = 0;
				GCC_PREPROCESSOR_DEFINITIONS = (
					"DEBUG=1",
					"$(inherited)",
				);
				GCC_WARN_64_TO_32_BIT_CONVERSION = YES;
				GCC_WARN_ABOUT_RETURN_TYPE = YES_ERROR;
				GCC_WARN_UNDECLARED_SELECTOR = YES;
				GCC_WARN_UNINITIALIZED_AUTOS = YES_AGGRESSIVE;
				GCC_WARN_UNUSED_FUNCTION = YES;
				GCC_WARN_UNUSED_VARIABLE = YES;
				IPHONEOS_DEPLOYMENT_TARGET = 13.6;
				MTL_ENABLE_DEBUG_INFO = INCLUDE_SOURCE;
				MTL_FAST_MATH = YES;
				ONLY_ACTIVE_ARCH = YES;
				SDKROOT = iphoneos;
				SWIFT_ACTIVE_COMPILATION_CONDITIONS = DEBUG;
				SWIFT_OPTIMIZATION_LEVEL = "-Onone";
			};
			name = Debug;
		};
		C44685AB2524DF7C00BB39CD /* Release */ = {
			isa = XCBuildConfiguration;
			buildSettings = {
				ALWAYS_SEARCH_USER_PATHS = NO;
				CLANG_ANALYZER_NONNULL = YES;
				CLANG_ANALYZER_NUMBER_OBJECT_CONVERSION = YES_AGGRESSIVE;
				CLANG_CXX_LANGUAGE_STANDARD = "gnu++14";
				CLANG_CXX_LIBRARY = "libc++";
				CLANG_ENABLE_MODULES = YES;
				CLANG_ENABLE_OBJC_ARC = YES;
				CLANG_ENABLE_OBJC_WEAK = YES;
				CLANG_WARN_BLOCK_CAPTURE_AUTORELEASING = YES;
				CLANG_WARN_BOOL_CONVERSION = YES;
				CLANG_WARN_COMMA = YES;
				CLANG_WARN_CONSTANT_CONVERSION = YES;
				CLANG_WARN_DEPRECATED_OBJC_IMPLEMENTATIONS = YES;
				CLANG_WARN_DIRECT_OBJC_ISA_USAGE = YES_ERROR;
				CLANG_WARN_DOCUMENTATION_COMMENTS = YES;
				CLANG_WARN_EMPTY_BODY = YES;
				CLANG_WARN_ENUM_CONVERSION = YES;
				CLANG_WARN_INFINITE_RECURSION = YES;
				CLANG_WARN_INT_CONVERSION = YES;
				CLANG_WARN_NON_LITERAL_NULL_CONVERSION = YES;
				CLANG_WARN_OBJC_IMPLICIT_RETAIN_SELF = YES;
				CLANG_WARN_OBJC_LITERAL_CONVERSION = YES;
				CLANG_WARN_OBJC_ROOT_CLASS = YES_ERROR;
				CLANG_WARN_RANGE_LOOP_ANALYSIS = YES;
				CLANG_WARN_STRICT_PROTOTYPES = YES;
				CLANG_WARN_SUSPICIOUS_MOVE = YES;
				CLANG_WARN_UNGUARDED_AVAILABILITY = YES_AGGRESSIVE;
				CLANG_WARN_UNREACHABLE_CODE = YES;
				CLANG_WARN__DUPLICATE_METHOD_MATCH = YES;
				COPY_PHASE_STRIP = NO;
				DEBUG_INFORMATION_FORMAT = "dwarf-with-dsym";
				ENABLE_NS_ASSERTIONS = NO;
				ENABLE_STRICT_OBJC_MSGSEND = YES;
				GCC_C_LANGUAGE_STANDARD = gnu11;
				GCC_NO_COMMON_BLOCKS = YES;
				GCC_WARN_64_TO_32_BIT_CONVERSION = YES;
				GCC_WARN_ABOUT_RETURN_TYPE = YES_ERROR;
				GCC_WARN_UNDECLARED_SELECTOR = YES;
				GCC_WARN_UNINITIALIZED_AUTOS = YES_AGGRESSIVE;
				GCC_WARN_UNUSED_FUNCTION = YES;
				GCC_WARN_UNUSED_VARIABLE = YES;
				IPHONEOS_DEPLOYMENT_TARGET = 13.6;
				MTL_ENABLE_DEBUG_INFO = NO;
				MTL_FAST_MATH = YES;
				SDKROOT = iphoneos;
				SWIFT_COMPILATION_MODE = wholemodule;
				SWIFT_OPTIMIZATION_LEVEL = "-O";
				VALIDATE_PRODUCT = YES;
			};
			name = Release;
		};
		C44685AD2524DF7C00BB39CD /* Debug */ = {
			isa = XCBuildConfiguration;
			buildSettings = {
				ASSETCATALOG_COMPILER_APPICON_NAME = AppIcon;
				CODE_SIGN_STYLE = Automatic;
				INFOPLIST_FILE = DemoProject/Info.plist;
				IPHONEOS_DEPLOYMENT_TARGET = 11.0;
				LD_RUNPATH_SEARCH_PATHS = (
					"$(inherited)",
					"@executable_path/Frameworks",
				);
				PRODUCT_BUNDLE_IDENTIFIER = com.epicon.DemoProject;
				PRODUCT_NAME = "$(TARGET_NAME)";
				SWIFT_VERSION = 5.0;
				TARGETED_DEVICE_FAMILY = "1,2";
			};
			name = Debug;
		};
		C44685AE2524DF7C00BB39CD /* Release */ = {
			isa = XCBuildConfiguration;
			buildSettings = {
				ASSETCATALOG_COMPILER_APPICON_NAME = AppIcon;
				CODE_SIGN_STYLE = Automatic;
				INFOPLIST_FILE = DemoProject/Info.plist;
				IPHONEOS_DEPLOYMENT_TARGET = 11.0;
				LD_RUNPATH_SEARCH_PATHS = (
					"$(inherited)",
					"@executable_path/Frameworks",
				);
				PRODUCT_BUNDLE_IDENTIFIER = com.epicon.DemoProject;
				PRODUCT_NAME = "$(TARGET_NAME)";
				SWIFT_VERSION = 5.0;
				TARGETED_DEVICE_FAMILY = "1,2";
			};
			name = Release;
		};
		C44685B02524DF7C00BB39CD /* Debug */ = {
			isa = XCBuildConfiguration;
			buildSettings = {
				ALWAYS_EMBED_SWIFT_STANDARD_LIBRARIES = YES;
				BUNDLE_LOADER = "$(TEST_HOST)";
				CODE_SIGN_STYLE = Automatic;
				INFOPLIST_FILE = DemoProjectTests/Info.plist;
				IPHONEOS_DEPLOYMENT_TARGET = 13.6;
				LD_RUNPATH_SEARCH_PATHS = (
					"$(inherited)",
					"@executable_path/Frameworks",
					"@loader_path/Frameworks",
				);
				PRODUCT_BUNDLE_IDENTIFIER = com.epicon.DemoProjectTests;
				PRODUCT_NAME = "$(TARGET_NAME)";
				SWIFT_VERSION = 5.0;
				TARGETED_DEVICE_FAMILY = "1,2";
				TEST_HOST = "$(BUILT_PRODUCTS_DIR)/DemoProject.app/DemoProject";
			};
			name = Debug;
		};
		C44685B12524DF7C00BB39CD /* Release */ = {
			isa = XCBuildConfiguration;
			buildSettings = {
				ALWAYS_EMBED_SWIFT_STANDARD_LIBRARIES = YES;
				BUNDLE_LOADER = "$(TEST_HOST)";
				CODE_SIGN_STYLE = Automatic;
				INFOPLIST_FILE = DemoProjectTests/Info.plist;
				IPHONEOS_DEPLOYMENT_TARGET = 13.6;
				LD_RUNPATH_SEARCH_PATHS = (
					"$(inherited)",
					"@executable_path/Frameworks",
					"@loader_path/Frameworks",
				);
				PRODUCT_BUNDLE_IDENTIFIER = com.epicon.DemoProjectTests;
				PRODUCT_NAME = "$(TARGET_NAME)";
				SWIFT_VERSION = 5.0;
				TARGETED_DEVICE_FAMILY = "1,2";
				TEST_HOST = "$(BUILT_PRODUCTS_DIR)/DemoProject.app/DemoProject";
			};
			name = Release;
		};
		C44685B32524DF7C00BB39CD /* Debug */ = {
			isa = XCBuildConfiguration;
			buildSettings = {
				ALWAYS_EMBED_SWIFT_STANDARD_LIBRARIES = YES;
				CODE_SIGN_STYLE = Automatic;
				INFOPLIST_FILE = DemoProjectUITests/Info.plist;
				LD_RUNPATH_SEARCH_PATHS = (
					"$(inherited)",
					"@executable_path/Frameworks",
					"@loader_path/Frameworks",
				);
				PRODUCT_BUNDLE_IDENTIFIER = com.epicon.DemoProjectUITests;
				PRODUCT_NAME = "$(TARGET_NAME)";
				SWIFT_VERSION = 5.0;
				TARGETED_DEVICE_FAMILY = "1,2";
				TEST_TARGET_NAME = DemoProject;
			};
			name = Debug;
		};
		C44685B42524DF7C00BB39CD /* Release */ = {
			isa = XCBuildConfiguration;
			buildSettings = {
				ALWAYS_EMBED_SWIFT_STANDARD_LIBRARIES = YES;
				CODE_SIGN_STYLE = Automatic;
				INFOPLIST_FILE = DemoProjectUITests/Info.plist;
				LD_RUNPATH_SEARCH_PATHS = (
					"$(inherited)",
					"@executable_path/Frameworks",
					"@loader_path/Frameworks",
				);
				PRODUCT_BUNDLE_IDENTIFIER = com.epicon.DemoProjectUITests;
				PRODUCT_NAME = "$(TARGET_NAME)";
				SWIFT_VERSION = 5.0;
				TARGETED_DEVICE_FAMILY = "1,2";
				TEST_TARGET_NAME = DemoProject;
			};
			name = Release;
		};
/* End XCBuildConfiguration section */

/* Begin XCConfigurationList section */
		C446857D2524DF7800BB39CD /* Build configuration list for PBXProject "DemoProject" */ = {
			isa = XCConfigurationList;
			buildConfigurations = (
				C44685AA2524DF7C00BB39CD /* Debug */,
				C44685AB2524DF7C00BB39CD /* Release */,
			);
			defaultConfigurationIsVisible = 0;
			defaultConfigurationName = Release;
		};
		C44685AC2524DF7C00BB39CD /* Build configuration list for PBXNativeTarget "DemoProject" */ = {
			isa = XCConfigurationList;
			buildConfigurations = (
				C44685AD2524DF7C00BB39CD /* Debug */,
				C44685AE2524DF7C00BB39CD /* Release */,
			);
			defaultConfigurationIsVisible = 0;
			defaultConfigurationName = Release;
		};
		C44685AF2524DF7C00BB39CD /* Build configuration list for PBXNativeTarget "DemoProjectTests" */ = {
			isa = XCConfigurationList;
			buildConfigurations = (
				C44685B02524DF7C00BB39CD /* Debug */,
				C44685B12524DF7C00BB39CD /* Release */,
			);
			defaultConfigurationIsVisible = 0;
			defaultConfigurationName = Release;
		};
		C44685B22524DF7C00BB39CD /* Build configuration list for PBXNativeTarget "DemoProjectUITests" */ = {
			isa = XCConfigurationList;
			buildConfigurations = (
				C44685B32524DF7C00BB39CD /* Debug */,
				C44685B42524DF7C00BB39CD /* Release */,
			);
			defaultConfigurationIsVisible = 0;
			defaultConfigurationName = Release;
		};
/* End XCConfigurationList section */
	};
	rootObject = C446857A2524DF7800BB39CD /* Project object */;
}
